dependencies:
- name: postgresql
  repository: https://charts.bitnami.com/bitnami
  version: 12.12.10
- name: postgresql
  repository: https://charts.bitnami.com/bitnami
  version: 12.12.10
- name: postgresql
  repository: https://charts.bitnami.com/bitnami
  version: 12.12.10
digest: sha256:3e4bb6f16b45de77101c7277d211eb5f4336296813c381695602b3bf1ec0b77c
generated: "2025-06-13T19:02:28.15271+02:00"
